
Microsoft Visual Studio Solution File, Format Version 12.00
# Visual Studio Version 17
VisualStudioVersion = 17.5.002.0
MinimumVisualStudioVersion = 10.0.40219.1
Project("{9A19103F-16F7-4668-BE54-9A1E7A4F7556}") = "imc.xunit", "imc.xunit\imc.xunit.csproj", "{602A99B7-4A4B-47F3-8AE5-73F4169DE8FC}"
EndProject
Global
	GlobalSection(SolutionConfigurationPlatforms) = preSolution
		Debug|Any CPU = Debug|Any CPU
		Release|Any CPU = Release|Any CPU
	EndGlobalSection
	GlobalSection(ProjectConfigurationPlatforms) = postSolution
		{602A99B7-4A4B-47F3-8AE5-73F4169DE8FC}.Debug|Any CPU.ActiveCfg = Debug|Any CPU
		{602A99B7-4A4B-47F3-8AE5-73F4169DE8FC}.Debug|Any CPU.Build.0 = Debug|Any CPU
		{602A99B7-4A4B-47F3-8AE5-73F4169DE8FC}.Release|Any CPU.ActiveCfg = Release|Any CPU
		{602A99B7-4A4B-47F3-8AE5-73F4169DE8FC}.Release|Any CPU.Build.0 = Release|Any CPU
	EndGlobalSection
	GlobalSection(SolutionProperties) = preSolution
		HideSolutionNode = FALSE
	EndGlobalSection
	GlobalSection(ExtensibilityGlobals) = postSolution
		SolutionGuid = {DB1939AD-1ADE-49C0-B643-A3D8AF751B2E}
	EndGlobalSection
EndGlobal
